// !$*UTF8*$!
{
	archiveVersion = 1;
	classes = {
	};
	objectVersion = 56;
	objects = {

/* Begin PBXBuildFile section */
		4C93C5752BCC4E00007C6188 /* AnimationApp.swift in Sources */ = {isa = PBXBuildFile; fileRef = 4C93C5742BCC4E00007C6188 /* AnimationApp.swift */; };
		4C93C5772BCC4E00007C6188 /* ContentView.swift in Sources */ = {isa = PBXBuildFile; fileRef = 4C93C5762BCC4E00007C6188 /* ContentView.swift */; };
		4C93C5792BCC4E01007C6188 /* Assets.xcassets in Resources */ = {isa = PBXBuildFile; fileRef = 4C93C5782BCC4E01007C6188 /* Assets.xcassets */; };
		4C93C57C2BCC4E01007C6188 /* Preview Assets.xcassets in Resources */ = {isa = PBXBuildFile; fileRef = 4C93C57B2BCC4E01007C6188 /* Preview Assets.xcassets */; };
		4C93C5832BCC4ED1007C6188 /* withAnimationView.swift in Sources */ = {isa = PBXBuildFile; fileRef = 4C93C5822BCC4ED1007C6188 /* withAnimationView.swift */; };
		4C93C5852BCC4F81007C6188 /* ShapeAView.swift in Sources */ = {isa = PBXBuildFile; fileRef = 4C93C5842BCC4F81007C6188 /* ShapeAView.swift */; };
		4C93C5872BCC5017007C6188 /* ShapeBView.swift in Sources */ = {isa = PBXBuildFile; fileRef = 4C93C5862BCC5017007C6188 /* ShapeBView.swift */; };
		4C93C5892BCC5036007C6188 /* ShapeCView.swift in Sources */ = {isa = PBXBuildFile; fileRef = 4C93C5882BCC5036007C6188 /* ShapeCView.swift */; };
		4C93C58B2BCC5082007C6188 /* ShapeDView.swift in Sources */ = {isa = PBXBuildFile; fileRef = 4C93C58A2BCC5082007C6188 /* ShapeDView.swift */; };
		4C93C58D2BCC50FD007C6188 /* PathAView.swift in Sources */ = {isa = PBXBuildFile; fileRef = 4C93C58C2BCC50FD007C6188 /* PathAView.swift */; };
		4C93C58F2BCC5163007C6188 /* PathBView.swift in Sources */ = {isa = PBXBuildFile; fileRef = 4C93C58E2BCC5163007C6188 /* PathBView.swift */; };
		4C93C5912BCC51DE007C6188 /* PathCView.swift in Sources */ = {isa = PBXBuildFile; fileRef = 4C93C5902BCC51DE007C6188 /* PathCView.swift */; };
		4C93C5932BCC5252007C6188 /* PathDView.swift in Sources */ = {isa = PBXBuildFile; fileRef = 4C93C5922BCC5252007C6188 /* PathDView.swift */; };
/* End PBXBuildFile section */

/* Begin PBXFileReference section */
		4C93C5712BCC4E00007C6188 /* Animation.app */ = {isa = PBXFileReference; explicitFileType = wrapper.application; includeInIndex = 0; path = Animation.app; sourceTree = BUILT_PRODUCTS_DIR; };
		4C93C5742BCC4E00007C6188 /* AnimationApp.swift */ = {isa = PBXFileReference; lastKnownFileType = sourcecode.swift; path = AnimationApp.swift; sourceTree = "<group>"; };
		4C93C5762BCC4E00007C6188 /* ContentView.swift */ = {isa = PBXFileReference; lastKnownFileType = sourcecode.swift; path = ContentView.swift; sourceTree = "<group>"; };
		4C93C5782BCC4E01007C6188 /* Assets.xcassets */ = {isa = PBXFileReference; lastKnownFileType = folder.assetcatalog; path = Assets.xcassets; sourceTree = "<group>"; };
		4C93C57B2BCC4E01007C6188 /* Preview Assets.xcassets */ = {isa = PBXFileReference; lastKnownFileType = folder.assetcatalog; path = "Preview Assets.xcassets"; sourceTree = "<group>"; };
		4C93C5822BCC4ED1007C6188 /* withAnimationView.swift */ = {isa = PBXFileReference; lastKnownFileType = sourcecode.swift; path = withAnimationView.swift; sourceTree = "<group>"; };
		4C93C5842BCC4F81007C6188 /* ShapeAView.swift */ = {isa = PBXFileReference; lastKnownFileType = sourcecode.swift; path = ShapeAView.swift; sourceTree = "<group>"; };
		4C93C5862BCC5017007C6188 /* ShapeBView.swift */ = {isa = PBXFileReference; lastKnownFileType = sourcecode.swift; path = ShapeBView.swift; sourceTree = "<group>"; };
		4C93C5882BCC5036007C6188 /* ShapeCView.swift */ = {isa = PBXFileReference; lastKnownFileType = sourcecode.swift; path = ShapeCView.swift; sourceTree = "<group>"; };
		4C93C58A2BCC5082007C6188 /* ShapeDView.swift */ = {isa = PBXFileReference; lastKnownFileType = sourcecode.swift; path = ShapeDView.swift; sourceTree = "<group>"; };
		4C93C58C2BCC50FD007C6188 /* PathAView.swift */ = {isa = PBXFileReference; lastKnownFileType = sourcecode.swift; path = PathAView.swift; sourceTree = "<group>"; };
		4C93C58E2BCC5163007C6188 /* PathBView.swift */ = {isa = PBXFileReference; lastKnownFileType = sourcecode.swift; path = PathBView.swift; sourceTree = "<group>"; };
		4C93C5902BCC51DE007C6188 /* PathCView.swift */ = {isa = PBXFileReference; lastKnownFileType = sourcecode.swift; path = PathCView.swift; sourceTree = "<group>"; };
		4C93C5922BCC5252007C6188 /* PathDView.swift */ = {isa = PBXFileReference; lastKnownFileType = sourcecode.swift; path = PathDView.swift; sourceTree = "<group>"; };
/* End PBXFileReference section */

/* Begin PBXFrameworksBuildPhase section */
		4C93C56E2BCC4E00007C6188 /* Frameworks */ = {
			isa = PBXFrameworksBuildPhase;
			buildActionMask = 2147483647;
			files = (
			);
			runOnlyForDeploymentPostprocessing = 0;
		};
/* End PBXFrameworksBuildPhase section */

/* Begin PBXGroup section */
		4C93C5682BCC4E00007C6188 = {
			isa = PBXGroup;
			children = (
				4C93C5732BCC4E00007C6188 /* Animation */,
				4C93C5722BCC4E00007C6188 /* Products */,
			);
			sourceTree = "<group>";
		};
		4C93C5722BCC4E00007C6188 /* Products */ = {
			isa = PBXGroup;
			children = (
				4C93C5712BCC4E00007C6188 /* Animation.app */,
			);
			name = Products;
			sourceTree = "<group>";
		};
		4C93C5732BCC4E00007C6188 /* Animation */ = {
			isa = PBXGroup;
			children = (
				4C93C5742BCC4E00007C6188 /* AnimationApp.swift */,
				4C93C5762BCC4E00007C6188 /* ContentView.swift */,
				4C93C5822BCC4ED1007C6188 /* withAnimationView.swift */,
				4C93C5842BCC4F81007C6188 /* ShapeAView.swift */,
				4C93C5862BCC5017007C6188 /* ShapeBView.swift */,
				4C93C5882BCC5036007C6188 /* ShapeCView.swift */,
				4C93C58A2BCC5082007C6188 /* ShapeDView.swift */,
				4C93C58C2BCC50FD007C6188 /* PathAView.swift */,
				4C93C58E2BCC5163007C6188 /* PathBView.swift */,
				4C93C5902BCC51DE007C6188 /* PathCView.swift */,
				4C93C5922BCC5252007C6188 /* PathDView.swift */,
				4C93C5782BCC4E01007C6188 /* Assets.xcassets */,
				4C93C57A2BCC4E01007C6188 /* Preview Content */,
			);
			path = Animation;
			sourceTree = "<group>";
		};
		4C93C57A2BCC4E01007C6188 /* Preview Content */ = {
			isa = PBXGroup;
			children = (
				4C93C57B2BCC4E01007C6188 /* Preview Assets.xcassets */,
			);
			path = "Preview Content";
			sourceTree = "<group>";
		};
/* End PBXGroup section */

/* Begin PBXNativeTarget section */
		4C93C5702BCC4E00007C6188 /* Animation */ = {
			isa = PBXNativeTarget;
			buildConfigurationList = 4C93C57F2BCC4E01007C6188 /* Build configuration list for PBXNativeTarget "Animation" */;
			buildPhases = (
				4C93C56D2BCC4E00007C6188 /* Sources */,
				4C93C56E2BCC4E00007C6188 /* Frameworks */,
				4C93C56F2BCC4E00007C6188 /* Resources */,
			);
			buildRules = (
			);
			dependencies = (
			);
			name = Animation;
			productName = Animation;
			productReference = 4C93C5712BCC4E00007C6188 /* Animation.app */;
			productType = "com.apple.product-type.application";
		};
/* End PBXNativeTarget section */

/* Begin PBXProject section */
		4C93C5692BCC4E00007C6188 /* Project object */ = {
			isa = PBXProject;
			attributes = {
				BuildIndependentTargetsInParallel = 1;
				LastSwiftUpdateCheck = 1530;
				LastUpgradeCheck = 1530;
				TargetAttributes = {
					4C93C5702BCC4E00007C6188 = {
						CreatedOnToolsVersion = 15.3;
					};
				};
			};
			buildConfigurationList = 4C93C56C2BCC4E00007C6188 /* Build configuration list for PBXProject "Animation" */;
			compatibilityVersion = "Xcode 14.0";
			developmentRegion = en;
			hasScannedForEncodings = 0;
			knownRegions = (
				en,
				Base,
			);
			mainGroup = 4C93C5682BCC4E00007C6188;
			productRefGroup = 4C93C5722BCC4E00007C6188 /* Products */;
			projectDirPath = "";
			projectRoot = "";
			targets = (
				4C93C5702BCC4E00007C6188 /* Animation */,
			);
		};
/* End PBXProject section */

/* Begin PBXResourcesBuildPhase section */
		4C93C56F2BCC4E00007C6188 /* Resources */ = {
			isa = PBXResourcesBuildPhase;
			buildActionMask = 2147483647;
			files = (
				4C93C57C2BCC4E01007C6188 /* Preview Assets.xcassets in Resources */,
				4C93C5792BCC4E01007C6188 /* Assets.xcassets in Resources */,
			);
			runOnlyForDeploymentPostprocessing = 0;
		};
/* End PBXResourcesBuildPhase section */

/* Begin PBXSourcesBuildPhase section */
		4C93C56D2BCC4E00007C6188 /* Sources */ = {
			isa = PBXSourcesBuildPhase;
			buildActionMask = 2147483647;
			files = (
				4C93C5932BCC5252007C6188 /* PathDView.swift in Sources */,
				4C93C58F2BCC5163007C6188 /* PathBView.swift in Sources */,
				4C93C5832BCC4ED1007C6188 /* withAnimationView.swift in Sources */,
				4C93C5772BCC4E00007C6188 /* ContentView.swift in Sources */,
				4C93C5892BCC5036007C6188 /* ShapeCView.swift in Sources */,
				4C93C58D2BCC50FD007C6188 /* PathAView.swift in Sources */,
				4C93C58B2BCC5082007C6188 /* ShapeDView.swift in Sources */,
				4C93C5852BCC4F81007C6188 /* ShapeAView.swift in Sources */,
				4C93C5872BCC5017007C6188 /* ShapeBView.swift in Sources */,
				4C93C5752BCC4E00007C6188 /* AnimationApp.swift in Sources */,
				4C93C5912BCC51DE007C6188 /* PathCView.swift in Sources */,
			);
			runOnlyForDeploymentPostprocessing = 0;
		};
/* End PBXSourcesBuildPhase section */

/* Begin XCBuildConfiguration section */
		4C93C57D2BCC4E01007C6188 /* Debug */ = {
			isa = XCBuildConfiguration;
			buildSettings = {
				ALWAYS_SEARCH_USER_PATHS = NO;
				ASSETCATALOG_COMPILER_GENERATE_SWIFT_ASSET_SYMBOL_EXTENSIONS = YES;
				CLANG_ANALYZER_NONNULL = YES;
				CLANG_ANALYZER_NUMBER_OBJECT_CONVERSION = YES_AGGRESSIVE;
				CLANG_CXX_LANGUAGE_STANDARD = "gnu++20";
				CLANG_ENABLE_MODULES = YES;
				CLANG_ENABLE_OBJC_ARC = YES;
				CLANG_ENABLE_OBJC_WEAK = YES;
				CLANG_WARN_BLOCK_CAPTURE_AUTORELEASING = YES;
				CLANG_WARN_BOOL_CONVERSION = YES;
				CLANG_WARN_COMMA = YES;
				CLANG_WARN_CONSTANT_CONVERSION = YES;
				CLANG_WARN_DEPRECATED_OBJC_IMPLEMENTATIONS = YES;
				CLANG_WARN_DIRECT_OBJC_ISA_USAGE = YES_ERROR;
				CLANG_WARN_DOCUMENTATION_COMMENTS = YES;
				CLANG_WARN_EMPTY_BODY = YES;
				CLANG_WARN_ENUM_CONVERSION = YES;
				CLANG_WARN_INFINITE_RECURSION = YES;
				CLANG_WARN_INT_CONVERSION = YES;
				CLANG_WARN_NON_LITERAL_NULL_CONVERSION = YES;
				CLANG_WARN_OBJC_IMPLICIT_RETAIN_SELF = YES;
				CLANG_WARN_OBJC_LITERAL_CONVERSION = YES;
				CLANG_WARN_OBJC_ROOT_CLASS = YES_ERROR;
				CLANG_WARN_QUOTED_INCLUDE_IN_FRAMEWORK_HEADER = YES;
				CLANG_WARN_RANGE_LOOP_ANALYSIS = YES;
				CLANG_WARN_STRICT_PROTOTYPES = YES;
				CLANG_WARN_SUSPICIOUS_MOVE = YES;
				CLANG_WARN_UNGUARDED_AVAILABILITY = YES_AGGRESSIVE;
				CLANG_WARN_UNREACHABLE_CODE = YES;
				CLANG_WARN__DUPLICATE_METHOD_MATCH = YES;
				COPY_PHASE_STRIP = NO;
				DEBUG_INFORMATION_FORMAT = dwarf;
				ENABLE_STRICT_OBJC_MSGSEND = YES;
				ENABLE_TESTABILITY = YES;
				ENABLE_USER_SCRIPT_SANDBOXING = YES;
				GCC_C_LANGUAGE_STANDARD = gnu17;
				GCC_DYNAMIC_NO_PIC = NO;
				GCC_NO_COMMON_BLOCKS = YES;
				GCC_OPTIMIZATION_LEVEL = 0;
				GCC_PREPROCESSOR_DEFINITIONS = (
					"DEBUG=1",
					"$(inherited)",
				);
				GCC_WARN_64_TO_32_BIT_CONVERSION = YES;
				GCC_WARN_ABOUT_RETURN_TYPE = YES_ERROR;
				GCC_WARN_UNDECLARED_SELECTOR = YES;
				GCC_WARN_UNINITIALIZED_AUTOS = YES_AGGRESSIVE;
				GCC_WARN_UNUSED_FUNCTION = YES;
				GCC_WARN_UNUSED_VARIABLE = YES;
				IPHONEOS_DEPLOYMENT_TARGET = 17.4;
				LOCALIZATION_PREFERS_STRING_CATALOGS = YES;
				MTL_ENABLE_DEBUG_INFO = INCLUDE_SOURCE;
				MTL_FAST_MATH = YES;
				ONLY_ACTIVE_ARCH = YES;
				SDKROOT = iphoneos;
				SWIFT_ACTIVE_COMPILATION_CONDITIONS = "DEBUG $(inherited)";
				SWIFT_OPTIMIZATION_LEVEL = "-Onone";
			};
			name = Debug;
		};
		4C93C57E2BCC4E01007C6188 /* Release */ = {
			isa = XCBuildConfiguration;
			buildSettings = {
				ALWAYS_SEARCH_USER_PATHS = NO;
				ASSETCATALOG_COMPILER_GENERATE_SWIFT_ASSET_SYMBOL_EXTENSIONS = YES;
				CLANG_ANALYZER_NONNULL = YES;
				CLANG_ANALYZER_NUMBER_OBJECT_CONVERSION = YES_AGGRESSIVE;
				CLANG_CXX_LANGUAGE_STANDARD = "gnu++20";
				CLANG_ENABLE_MODULES = YES;
				CLANG_ENABLE_OBJC_ARC = YES;
				CLANG_ENABLE_OBJC_WEAK = YES;
				CLANG_WARN_BLOCK_CAPTURE_AUTORELEASING = YES;
				CLANG_WARN_BOOL_CONVERSION = YES;
				CLANG_WARN_COMMA = YES;
				CLANG_WARN_CONSTANT_CONVERSION = YES;
				CLANG_WARN_DEPRECATED_OBJC_IMPLEMENTATIONS = YES;
				CLANG_WARN_DIRECT_OBJC_ISA_USAGE = YES_ERROR;
				CLANG_WARN_DOCUMENTATION_COMMENTS = YES;
				CLANG_WARN_EMPTY_BODY = YES;
				CLANG_WARN_ENUM_CONVERSION = YES;
				CLANG_WARN_INFINITE_RECURSION = YES;
				CLANG_WARN_INT_CONVERSION = YES;
				CLANG_WARN_NON_LITERAL_NULL_CONVERSION = YES;
				CLANG_WARN_OBJC_IMPLICIT_RETAIN_SELF = YES;
				CLANG_WARN_OBJC_LITERAL_CONVERSION = YES;
				CLANG_WARN_OBJC_ROOT_CLASS = YES_ERROR;
				CLANG_WARN_QUOTED_INCLUDE_IN_FRAMEWORK_HEADER = YES;
				CLANG_WARN_RANGE_LOOP_ANALYSIS = YES;
				CLANG_WARN_STRICT_PROTOTYPES = YES;
				CLANG_WARN_SUSPICIOUS_MOVE = YES;
				CLANG_WARN_UNGUARDED_AVAILABILITY = YES_AGGRESSIVE;
				CLANG_WARN_UNREACHABLE_CODE = YES;
				CLANG_WARN__DUPLICATE_METHOD_MATCH = YES;
				COPY_PHASE_STRIP = NO;
				DEBUG_INFORMATION_FORMAT = "dwarf-with-dsym";
				ENABLE_NS_ASSERTIONS = NO;
				ENABLE_STRICT_OBJC_MSGSEND = YES;
				ENABLE_USER_SCRIPT_SANDBOXING = YES;
				GCC_C_LANGUAGE_STANDARD = gnu17;
				GCC_NO_COMMON_BLOCKS = YES;
				GCC_WARN_64_TO_32_BIT_CONVERSION = YES;
				GCC_WARN_ABOUT_RETURN_TYPE = YES_ERROR;
				GCC_WARN_UNDECLARED_SELECTOR = YES;
				GCC_WARN_UNINITIALIZED_AUTOS = YES_AGGRESSIVE;
				GCC_WARN_UNUSED_FUNCTION = YES;
				GCC_WARN_UNUSED_VARIABLE = YES;
				IPHONEOS_DEPLOYMENT_TARGET = 17.4;
				LOCALIZATION_PREFERS_STRING_CATALOGS = YES;
				MTL_ENABLE_DEBUG_INFO = NO;
				MTL_FAST_MATH = YES;
				SDKROOT = iphoneos;
				SWIFT_COMPILATION_MODE = wholemodule;
				VALIDATE_PRODUCT = YES;
			};
			name = Release;
		};
		4C93C5802BCC4E01007C6188 /* Debug */ = {
			isa = XCBuildConfiguration;
			buildSettings = {
				ASSETCATALOG_COMPILER_APPICON_NAME = AppIcon;
				ASSETCATALOG_COMPILER_GLOBAL_ACCENT_COLOR_NAME = AccentColor;
				CODE_SIGN_STYLE = Automatic;
				CURRENT_PROJECT_VERSION = 1;
				DEVELOPMENT_ASSET_PATHS = "\"Animation/Preview Content\"";
				ENABLE_PREVIEWS = YES;
				GENERATE_INFOPLIST_FILE = YES;
				INFOPLIST_KEY_UIApplicationSceneManifest_Generation = YES;
				INFOPLIST_KEY_UIApplicationSupportsIndirectInputEvents = YES;
				INFOPLIST_KEY_UILaunchScreen_Generation = YES;
				INFOPLIST_KEY_UISupportedInterfaceOrientations_iPad = "UIInterfaceOrientationPortrait UIInterfaceOrientationPortraitUpsideDown UIInterfaceOrientationLandscapeLeft UIInterfaceOrientationLandscapeRight";
				INFOPLIST_KEY_UISupportedInterfaceOrientations_iPhone = "UIInterfaceOrientationPortrait UIInterfaceOrientationLandscapeLeft UIInterfaceOrientationLandscapeRight";
				IPHONEOS_DEPLOYMENT_TARGET = 16.0;
				LD_RUNPATH_SEARCH_PATHS = (
					"$(inherited)",
					"@executable_path/Frameworks",
				);
				MARKETING_VERSION = 1.0;
				PRODUCT_BUNDLE_IDENTIFIER = com.Animation;
				PRODUCT_NAME = "$(TARGET_NAME)";
				SWIFT_EMIT_LOC_STRINGS = YES;
				SWIFT_VERSION = 5.0;
				TARGETED_DEVICE_FAMILY = "1,2";
			};
			name = Debug;
		};
		4C93C5812BCC4E01007C6188 /* Release */ = {
			isa = XCBuildConfiguration;
			buildSettings = {
				ASSETCATALOG_COMPILER_APPICON_NAME = AppIcon;
				ASSETCATALOG_COMPILER_GLOBAL_ACCENT_COLOR_NAME = AccentColor;
				CODE_SIGN_STYLE = Automatic;
				CURRENT_PROJECT_VERSION = 1;
				DEVELOPMENT_ASSET_PATHS = "\"Animation/Preview Content\"";
				ENABLE_PREVIEWS = YES;
				GENERATE_INFOPLIST_FILE = YES;
				INFOPLIST_KEY_UIApplicationSceneManifest_Generation = YES;
				INFOPLIST_KEY_UIApplicationSupportsIndirectInputEvents = YES;
				INFOPLIST_KEY_UILaunchScreen_Generation = YES;
				INFOPLIST_KEY_UISupportedInterfaceOrientations_iPad = "UIInterfaceOrientationPortrait UIInterfaceOrientationPortraitUpsideDown UIInterfaceOrientationLandscapeLeft UIInterfaceOrientationLandscapeRight";
				INFOPLIST_KEY_UISupportedInterfaceOrientations_iPhone = "UIInterfaceOrientationPortrait UIInterfaceOrientationLandscapeLeft UIInterfaceOrientationLandscapeRight";
				IPHONEOS_DEPLOYMENT_TARGET = 16.0;
				LD_RUNPATH_SEARCH_PATHS = (
					"$(inherited)",
					"@executable_path/Frameworks",
				);
				MARKETING_VERSION = 1.0;
				PRODUCT_BUNDLE_IDENTIFIER = com.Animation;
				PRODUCT_NAME = "$(TARGET_NAME)";
				SWIFT_EMIT_LOC_STRINGS = YES;
				SWIFT_VERSION = 5.0;
				TARGETED_DEVICE_FAMILY = "1,2";
			};
			name = Release;
		};
/* End XCBuildConfiguration section */

/* Begin XCConfigurationList section */
		4C93C56C2BCC4E00007C6188 /* Build configuration list for PBXProject "Animation" */ = {
			isa = XCConfigurationList;
			buildConfigurations = (
				4C93C57D2BCC4E01007C6188 /* Debug */,
				4C93C57E2BCC4E01007C6188 /* Release */,
			);
			defaultConfigurationIsVisible = 0;
			defaultConfigurationName = Release;
		};
		4C93C57F2BCC4E01007C6188 /* Build configuration list for PBXNativeTarget "Animation" */ = {
			isa = XCConfigurationList;
			buildConfigurations = (
				4C93C5802BCC4E01007C6188 /* Debug */,
				4C93C5812BCC4E01007C6188 /* Release */,
			);
			defaultConfigurationIsVisible = 0;
			defaultConfigurationName = Release;
		};
/* End XCConfigurationList section */
	};
	rootObject = 4C93C5692BCC4E00007C6188 /* Project object */;
}
