// !$*UTF8*$!
{
	archiveVersion = 1;
	classes = {
	};
	objectVersion = 56;
	objects = {

/* Begin PBXBuildFile section */
		4C93C5A12BCC53F0007C6188 /* NavDataTransferApp.swift in Sources */ = {isa = PBXBuildFile; fileRef = 4C93C5A02BCC53F0007C6188 /* NavDataTransferApp.swift */; };
		4C93C5A32BCC53F0007C6188 /* ContentView.swift in Sources */ = {isa = PBXBuildFile; fileRef = 4C93C5A22BCC53F0007C6188 /* ContentView.swift */; };
		4C93C5A52BCC53F1007C6188 /* Assets.xcassets in Resources */ = {isa = PBXBuildFile; fileRef = 4C93C5A42BCC53F1007C6188 /* Assets.xcassets */; };
		4C93C5A82BCC53F1007C6188 /* Preview Assets.xcassets in Resources */ = {isa = PBXBuildFile; fileRef = 4C93C5A72BCC53F1007C6188 /* Preview Assets.xcassets */; };
		4C93C5AF2BCC544C007C6188 /* RecView.swift in Sources */ = {isa = PBXBuildFile; fileRef = 4C93C5AE2BCC544C007C6188 /* RecView.swift */; };
		4C93C5B12BCC545D007C6188 /* CircleView.swift in Sources */ = {isa = PBXBuildFile; fileRef = 4C93C5B02BCC545D007C6188 /* CircleView.swift */; };
		4C93C5B32BCC546A007C6188 /* DateView.swift in Sources */ = {isa = PBXBuildFile; fileRef = 4C93C5B22BCC546A007C6188 /* DateView.swift */; };
		4C93C5B52BCC5479007C6188 /* SecondView.swift in Sources */ = {isa = PBXBuildFile; fileRef = 4C93C5B42BCC5479007C6188 /* SecondView.swift */; };
		4C93C5B72BCC54A4007C6188 /* ThirdView.swift in Sources */ = {isa = PBXBuildFile; fileRef = 4C93C5B62BCC54A4007C6188 /* ThirdView.swift */; };
/* End PBXBuildFile section */

/* Begin PBXFileReference section */
		4C93C59D2BCC53F0007C6188 /* NavDataTransfer.app */ = {isa = PBXFileReference; explicitFileType = wrapper.application; includeInIndex = 0; path = NavDataTransfer.app; sourceTree = BUILT_PRODUCTS_DIR; };
		4C93C5A02BCC53F0007C6188 /* NavDataTransferApp.swift */ = {isa = PBXFileReference; lastKnownFileType = sourcecode.swift; path = NavDataTransferApp.swift; sourceTree = "<group>"; };
		4C93C5A22BCC53F0007C6188 /* ContentView.swift */ = {isa = PBXFileReference; lastKnownFileType = sourcecode.swift; path = ContentView.swift; sourceTree = "<group>"; };
		4C93C5A42BCC53F1007C6188 /* Assets.xcassets */ = {isa = PBXFileReference; lastKnownFileType = folder.assetcatalog; path = Assets.xcassets; sourceTree = "<group>"; };
		4C93C5A72BCC53F1007C6188 /* Preview Assets.xcassets */ = {isa = PBXFileReference; lastKnownFileType = folder.assetcatalog; path = "Preview Assets.xcassets"; sourceTree = "<group>"; };
		4C93C5AE2BCC544C007C6188 /* RecView.swift */ = {isa = PBXFileReference; lastKnownFileType = sourcecode.swift; path = RecView.swift; sourceTree = "<group>"; };
		4C93C5B02BCC545D007C6188 /* CircleView.swift */ = {isa = PBXFileReference; lastKnownFileType = sourcecode.swift; path = CircleView.swift; sourceTree = "<group>"; };
		4C93C5B22BCC546A007C6188 /* DateView.swift */ = {isa = PBXFileReference; lastKnownFileType = sourcecode.swift; path = DateView.swift; sourceTree = "<group>"; };
		4C93C5B42BCC5479007C6188 /* SecondView.swift */ = {isa = PBXFileReference; lastKnownFileType = sourcecode.swift; path = SecondView.swift; sourceTree = "<group>"; };
		4C93C5B62BCC54A4007C6188 /* ThirdView.swift */ = {isa = PBXFileReference; lastKnownFileType = sourcecode.swift; path = ThirdView.swift; sourceTree = "<group>"; };
/* End PBXFileReference section */

/* Begin PBXFrameworksBuildPhase section */
		4C93C59A2BCC53F0007C6188 /* Frameworks */ = {
			isa = PBXFrameworksBuildPhase;
			buildActionMask = 2147483647;
			files = (
			);
			runOnlyForDeploymentPostprocessing = 0;
		};
/* End PBXFrameworksBuildPhase section */

/* Begin PBXGroup section */
		4C93C5942BCC53F0007C6188 = {
			isa = PBXGroup;
			children = (
				4C93C59F2BCC53F0007C6188 /* NavDataTransfer */,
				4C93C59E2BCC53F0007C6188 /* Products */,
			);
			sourceTree = "<group>";
		};
		4C93C59E2BCC53F0007C6188 /* Products */ = {
			isa = PBXGroup;
			children = (
				4C93C59D2BCC53F0007C6188 /* NavDataTransfer.app */,
			);
			name = Products;
			sourceTree = "<group>";
		};
		4C93C59F2BCC53F0007C6188 /* NavDataTransfer */ = {
			isa = PBXGroup;
			children = (
				4C93C5A02BCC53F0007C6188 /* NavDataTransferApp.swift */,
				4C93C5A22BCC53F0007C6188 /* ContentView.swift */,
				4C93C5AE2BCC544C007C6188 /* RecView.swift */,
				4C93C5B02BCC545D007C6188 /* CircleView.swift */,
				4C93C5B22BCC546A007C6188 /* DateView.swift */,
				4C93C5B42BCC5479007C6188 /* SecondView.swift */,
				4C93C5B62BCC54A4007C6188 /* ThirdView.swift */,
				4C93C5A42BCC53F1007C6188 /* Assets.xcassets */,
				4C93C5A62BCC53F1007C6188 /* Preview Content */,
			);
			path = NavDataTransfer;
			sourceTree = "<group>";
		};
		4C93C5A62BCC53F1007C6188 /* Preview Content */ = {
			isa = PBXGroup;
			children = (
				4C93C5A72BCC53F1007C6188 /* Preview Assets.xcassets */,
			);
			path = "Preview Content";
			sourceTree = "<group>";
		};
/* End PBXGroup section */

/* Begin PBXNativeTarget section */
		4C93C59C2BCC53F0007C6188 /* NavDataTransfer */ = {
			isa = PBXNativeTarget;
			buildConfigurationList = 4C93C5AB2BCC53F1007C6188 /* Build configuration list for PBXNativeTarget "NavDataTransfer" */;
			buildPhases = (
				4C93C5992BCC53F0007C6188 /* Sources */,
				4C93C59A2BCC53F0007C6188 /* Frameworks */,
				4C93C59B2BCC53F0007C6188 /* Resources */,
			);
			buildRules = (
			);
			dependencies = (
			);
			name = NavDataTransfer;
			productName = NavDataTransfer;
			productReference = 4C93C59D2BCC53F0007C6188 /* NavDataTransfer.app */;
			productType = "com.apple.product-type.application";
		};
/* End PBXNativeTarget section */

/* Begin PBXProject section */
		4C93C5952BCC53F0007C6188 /* Project object */ = {
			isa = PBXProject;
			attributes = {
				BuildIndependentTargetsInParallel = 1;
				LastSwiftUpdateCheck = 1530;
				LastUpgradeCheck = 1530;
				TargetAttributes = {
					4C93C59C2BCC53F0007C6188 = {
						CreatedOnToolsVersion = 15.3;
					};
				};
			};
			buildConfigurationList = 4C93C5982BCC53F0007C6188 /* Build configuration list for PBXProject "NavDataTransfer" */;
			compatibilityVersion = "Xcode 14.0";
			developmentRegion = en;
			hasScannedForEncodings = 0;
			knownRegions = (
				en,
				Base,
			);
			mainGroup = 4C93C5942BCC53F0007C6188;
			productRefGroup = 4C93C59E2BCC53F0007C6188 /* Products */;
			projectDirPath = "";
			projectRoot = "";
			targets = (
				4C93C59C2BCC53F0007C6188 /* NavDataTransfer */,
			);
		};
/* End PBXProject section */

/* Begin PBXResourcesBuildPhase section */
		4C93C59B2BCC53F0007C6188 /* Resources */ = {
			isa = PBXResourcesBuildPhase;
			buildActionMask = 2147483647;
			files = (
				4C93C5A82BCC53F1007C6188 /* Preview Assets.xcassets in Resources */,
				4C93C5A52BCC53F1007C6188 /* Assets.xcassets in Resources */,
			);
			runOnlyForDeploymentPostprocessing = 0;
		};
/* End PBXResourcesBuildPhase section */

/* Begin PBXSourcesBuildPhase section */
		4C93C5992BCC53F0007C6188 /* Sources */ = {
			isa = PBXSourcesBuildPhase;
			buildActionMask = 2147483647;
			files = (
				4C93C5B72BCC54A4007C6188 /* ThirdView.swift in Sources */,
				4C93C5B52BCC5479007C6188 /* SecondView.swift in Sources */,
				4C93C5B32BCC546A007C6188 /* DateView.swift in Sources */,
				4C93C5B12BCC545D007C6188 /* CircleView.swift in Sources */,
				4C93C5A32BCC53F0007C6188 /* ContentView.swift in Sources */,
				4C93C5AF2BCC544C007C6188 /* RecView.swift in Sources */,
				4C93C5A12BCC53F0007C6188 /* NavDataTransferApp.swift in Sources */,
			);
			runOnlyForDeploymentPostprocessing = 0;
		};
/* End PBXSourcesBuildPhase section */

/* Begin XCBuildConfiguration section */
		4C93C5A92BCC53F1007C6188 /* Debug */ = {
			isa = XCBuildConfiguration;
			buildSettings = {
				ALWAYS_SEARCH_USER_PATHS = NO;
				ASSETCATALOG_COMPILER_GENERATE_SWIFT_ASSET_SYMBOL_EXTENSIONS = YES;
				CLANG_ANALYZER_NONNULL = YES;
				CLANG_ANALYZER_NUMBER_OBJECT_CONVERSION = YES_AGGRESSIVE;
				CLANG_CXX_LANGUAGE_STANDARD = "gnu++20";
				CLANG_ENABLE_MODULES = YES;
				CLANG_ENABLE_OBJC_ARC = YES;
				CLANG_ENABLE_OBJC_WEAK = YES;
				CLANG_WARN_BLOCK_CAPTURE_AUTORELEASING = YES;
				CLANG_WARN_BOOL_CONVERSION = YES;
				CLANG_WARN_COMMA = YES;
				CLANG_WARN_CONSTANT_CONVERSION = YES;
				CLANG_WARN_DEPRECATED_OBJC_IMPLEMENTATIONS = YES;
				CLANG_WARN_DIRECT_OBJC_ISA_USAGE = YES_ERROR;
				CLANG_WARN_DOCUMENTATION_COMMENTS = YES;
				CLANG_WARN_EMPTY_BODY = YES;
				CLANG_WARN_ENUM_CONVERSION = YES;
				CLANG_WARN_INFINITE_RECURSION = YES;
				CLANG_WARN_INT_CONVERSION = YES;
				CLANG_WARN_NON_LITERAL_NULL_CONVERSION = YES;
				CLANG_WARN_OBJC_IMPLICIT_RETAIN_SELF = YES;
				CLANG_WARN_OBJC_LITERAL_CONVERSION = YES;
				CLANG_WARN_OBJC_ROOT_CLASS = YES_ERROR;
				CLANG_WARN_QUOTED_INCLUDE_IN_FRAMEWORK_HEADER = YES;
				CLANG_WARN_RANGE_LOOP_ANALYSIS = YES;
				CLANG_WARN_STRICT_PROTOTYPES = YES;
				CLANG_WARN_SUSPICIOUS_MOVE = YES;
				CLANG_WARN_UNGUARDED_AVAILABILITY = YES_AGGRESSIVE;
				CLANG_WARN_UNREACHABLE_CODE = YES;
				CLANG_WARN__DUPLICATE_METHOD_MATCH = YES;
				COPY_PHASE_STRIP = NO;
				DEBUG_INFORMATION_FORMAT = dwarf;
				ENABLE_STRICT_OBJC_MSGSEND = YES;
				ENABLE_TESTABILITY = YES;
				ENABLE_USER_SCRIPT_SANDBOXING = YES;
				GCC_C_LANGUAGE_STANDARD = gnu17;
				GCC_DYNAMIC_NO_PIC = NO;
				GCC_NO_COMMON_BLOCKS = YES;
				GCC_OPTIMIZATION_LEVEL = 0;
				GCC_PREPROCESSOR_DEFINITIONS = (
					"DEBUG=1",
					"$(inherited)",
				);
				GCC_WARN_64_TO_32_BIT_CONVERSION = YES;
				GCC_WARN_ABOUT_RETURN_TYPE = YES_ERROR;
				GCC_WARN_UNDECLARED_SELECTOR = YES;
				GCC_WARN_UNINITIALIZED_AUTOS = YES_AGGRESSIVE;
				GCC_WARN_UNUSED_FUNCTION = YES;
				GCC_WARN_UNUSED_VARIABLE = YES;
				IPHONEOS_DEPLOYMENT_TARGET = 17.4;
				LOCALIZATION_PREFERS_STRING_CATALOGS = YES;
				MTL_ENABLE_DEBUG_INFO = INCLUDE_SOURCE;
				MTL_FAST_MATH = YES;
				ONLY_ACTIVE_ARCH = YES;
				SDKROOT = iphoneos;
				SWIFT_ACTIVE_COMPILATION_CONDITIONS = "DEBUG $(inherited)";
				SWIFT_OPTIMIZATION_LEVEL = "-Onone";
			};
			name = Debug;
		};
		4C93C5AA2BCC53F1007C6188 /* Release */ = {
			isa = XCBuildConfiguration;
			buildSettings = {
				ALWAYS_SEARCH_USER_PATHS = NO;
				ASSETCATALOG_COMPILER_GENERATE_SWIFT_ASSET_SYMBOL_EXTENSIONS = YES;
				CLANG_ANALYZER_NONNULL = YES;
				CLANG_ANALYZER_NUMBER_OBJECT_CONVERSION = YES_AGGRESSIVE;
				CLANG_CXX_LANGUAGE_STANDARD = "gnu++20";
				CLANG_ENABLE_MODULES = YES;
				CLANG_ENABLE_OBJC_ARC = YES;
				CLANG_ENABLE_OBJC_WEAK = YES;
				CLANG_WARN_BLOCK_CAPTURE_AUTORELEASING = YES;
				CLANG_WARN_BOOL_CONVERSION = YES;
				CLANG_WARN_COMMA = YES;
				CLANG_WARN_CONSTANT_CONVERSION = YES;
				CLANG_WARN_DEPRECATED_OBJC_IMPLEMENTATIONS = YES;
				CLANG_WARN_DIRECT_OBJC_ISA_USAGE = YES_ERROR;
				CLANG_WARN_DOCUMENTATION_COMMENTS = YES;
				CLANG_WARN_EMPTY_BODY = YES;
				CLANG_WARN_ENUM_CONVERSION = YES;
				CLANG_WARN_INFINITE_RECURSION = YES;
				CLANG_WARN_INT_CONVERSION = YES;
				CLANG_WARN_NON_LITERAL_NULL_CONVERSION = YES;
				CLANG_WARN_OBJC_IMPLICIT_RETAIN_SELF = YES;
				CLANG_WARN_OBJC_LITERAL_CONVERSION = YES;
				CLANG_WARN_OBJC_ROOT_CLASS = YES_ERROR;
				CLANG_WARN_QUOTED_INCLUDE_IN_FRAMEWORK_HEADER = YES;
				CLANG_WARN_RANGE_LOOP_ANALYSIS = YES;
				CLANG_WARN_STRICT_PROTOTYPES = YES;
				CLANG_WARN_SUSPICIOUS_MOVE = YES;
				CLANG_WARN_UNGUARDED_AVAILABILITY = YES_AGGRESSIVE;
				CLANG_WARN_UNREACHABLE_CODE = YES;
				CLANG_WARN__DUPLICATE_METHOD_MATCH = YES;
				COPY_PHASE_STRIP = NO;
				DEBUG_INFORMATION_FORMAT = "dwarf-with-dsym";
				ENABLE_NS_ASSERTIONS = NO;
				ENABLE_STRICT_OBJC_MSGSEND = YES;
				ENABLE_USER_SCRIPT_SANDBOXING = YES;
				GCC_C_LANGUAGE_STANDARD = gnu17;
				GCC_NO_COMMON_BLOCKS = YES;
				GCC_WARN_64_TO_32_BIT_CONVERSION = YES;
				GCC_WARN_ABOUT_RETURN_TYPE = YES_ERROR;
				GCC_WARN_UNDECLARED_SELECTOR = YES;
				GCC_WARN_UNINITIALIZED_AUTOS = YES_AGGRESSIVE;
				GCC_WARN_UNUSED_FUNCTION = YES;
				GCC_WARN_UNUSED_VARIABLE = YES;
				IPHONEOS_DEPLOYMENT_TARGET = 17.4;
				LOCALIZATION_PREFERS_STRING_CATALOGS = YES;
				MTL_ENABLE_DEBUG_INFO = NO;
				MTL_FAST_MATH = YES;
				SDKROOT = iphoneos;
				SWIFT_COMPILATION_MODE = wholemodule;
				VALIDATE_PRODUCT = YES;
			};
			name = Release;
		};
		4C93C5AC2BCC53F1007C6188 /* Debug */ = {
			isa = XCBuildConfiguration;
			buildSettings = {
				ASSETCATALOG_COMPILER_APPICON_NAME = AppIcon;
				ASSETCATALOG_COMPILER_GLOBAL_ACCENT_COLOR_NAME = AccentColor;
				CODE_SIGN_STYLE = Automatic;
				CURRENT_PROJECT_VERSION = 1;
				DEVELOPMENT_ASSET_PATHS = "\"NavDataTransfer/Preview Content\"";
				ENABLE_PREVIEWS = YES;
				GENERATE_INFOPLIST_FILE = YES;
				INFOPLIST_KEY_UIApplicationSceneManifest_Generation = YES;
				INFOPLIST_KEY_UIApplicationSupportsIndirectInputEvents = YES;
				INFOPLIST_KEY_UILaunchScreen_Generation = YES;
				INFOPLIST_KEY_UISupportedInterfaceOrientations_iPad = "UIInterfaceOrientationPortrait UIInterfaceOrientationPortraitUpsideDown UIInterfaceOrientationLandscapeLeft UIInterfaceOrientationLandscapeRight";
				INFOPLIST_KEY_UISupportedInterfaceOrientations_iPhone = "UIInterfaceOrientationPortrait UIInterfaceOrientationLandscapeLeft UIInterfaceOrientationLandscapeRight";
				IPHONEOS_DEPLOYMENT_TARGET = 16.0;
				LD_RUNPATH_SEARCH_PATHS = (
					"$(inherited)",
					"@executable_path/Frameworks",
				);
				MARKETING_VERSION = 1.0;
				PRODUCT_BUNDLE_IDENTIFIER = com.NavDataTransfer;
				PRODUCT_NAME = "$(TARGET_NAME)";
				SWIFT_EMIT_LOC_STRINGS = YES;
				SWIFT_VERSION = 5.0;
				TARGETED_DEVICE_FAMILY = "1,2";
			};
			name = Debug;
		};
		4C93C5AD2BCC53F1007C6188 /* Release */ = {
			isa = XCBuildConfiguration;
			buildSettings = {
				ASSETCATALOG_COMPILER_APPICON_NAME = AppIcon;
				ASSETCATALOG_COMPILER_GLOBAL_ACCENT_COLOR_NAME = AccentColor;
				CODE_SIGN_STYLE = Automatic;
				CURRENT_PROJECT_VERSION = 1;
				DEVELOPMENT_ASSET_PATHS = "\"NavDataTransfer/Preview Content\"";
				ENABLE_PREVIEWS = YES;
				GENERATE_INFOPLIST_FILE = YES;
				INFOPLIST_KEY_UIApplicationSceneManifest_Generation = YES;
				INFOPLIST_KEY_UIApplicationSupportsIndirectInputEvents = YES;
				INFOPLIST_KEY_UILaunchScreen_Generation = YES;
				INFOPLIST_KEY_UISupportedInterfaceOrientations_iPad = "UIInterfaceOrientationPortrait UIInterfaceOrientationPortraitUpsideDown UIInterfaceOrientationLandscapeLeft UIInterfaceOrientationLandscapeRight";
				INFOPLIST_KEY_UISupportedInterfaceOrientations_iPhone = "UIInterfaceOrientationPortrait UIInterfaceOrientationLandscapeLeft UIInterfaceOrientationLandscapeRight";
				IPHONEOS_DEPLOYMENT_TARGET = 16.0;
				LD_RUNPATH_SEARCH_PATHS = (
					"$(inherited)",
					"@executable_path/Frameworks",
				);
				MARKETING_VERSION = 1.0;
				PRODUCT_BUNDLE_IDENTIFIER = com.NavDataTransfer;
				PRODUCT_NAME = "$(TARGET_NAME)";
				SWIFT_EMIT_LOC_STRINGS = YES;
				SWIFT_VERSION = 5.0;
				TARGETED_DEVICE_FAMILY = "1,2";
			};
			name = Release;
		};
/* End XCBuildConfiguration section */

/* Begin XCConfigurationList section */
		4C93C5982BCC53F0007C6188 /* Build configuration list for PBXProject "NavDataTransfer" */ = {
			isa = XCConfigurationList;
			buildConfigurations = (
				4C93C5A92BCC53F1007C6188 /* Debug */,
				4C93C5AA2BCC53F1007C6188 /* Release */,
			);
			defaultConfigurationIsVisible = 0;
			defaultConfigurationName = Release;
		};
		4C93C5AB2BCC53F1007C6188 /* Build configuration list for PBXNativeTarget "NavDataTransfer" */ = {
			isa = XCConfigurationList;
			buildConfigurations = (
				4C93C5AC2BCC53F1007C6188 /* Debug */,
				4C93C5AD2BCC53F1007C6188 /* Release */,
			);
			defaultConfigurationIsVisible = 0;
			defaultConfigurationName = Release;
		};
/* End XCConfigurationList section */
	};
	rootObject = 4C93C5952BCC53F0007C6188 /* Project object */;
}
