// !$*UTF8*$!
{
	archiveVersion = 1;
	classes = {
	};
	objectVersion = 56;
	objects = {

/* Begin PBXBuildFile section */
		4C018A4F2BCCAC4300FAFE2A /* Animation_CompleteApp.swift in Sources */ = {isa = PBXBuildFile; fileRef = 4C018A4E2BCCAC4300FAFE2A /* Animation_CompleteApp.swift */; };
		4C018A512BCCAC4300FAFE2A /* ContentView.swift in Sources */ = {isa = PBXBuildFile; fileRef = 4C018A502BCCAC4300FAFE2A /* ContentView.swift */; };
		4C018A532BCCAC4400FAFE2A /* Assets.xcassets in Resources */ = {isa = PBXBuildFile; fileRef = 4C018A522BCCAC4400FAFE2A /* Assets.xcassets */; };
		4C018A562BCCAC4400FAFE2A /* Preview Assets.xcassets in Resources */ = {isa = PBXBuildFile; fileRef = 4C018A552BCCAC4400FAFE2A /* Preview Assets.xcassets */; };
		4C018A5D2BCCAC7500FAFE2A /* ShapeAView.swift in Sources */ = {isa = PBXBuildFile; fileRef = 4C018A5C2BCCAC7500FAFE2A /* ShapeAView.swift */; };
		4C018A5F2BCCAC8D00FAFE2A /* withAnimationView.swift in Sources */ = {isa = PBXBuildFile; fileRef = 4C018A5E2BCCAC8D00FAFE2A /* withAnimationView.swift */; };
		4C018A612BCCACBC00FAFE2A /* ShapeBView.swift in Sources */ = {isa = PBXBuildFile; fileRef = 4C018A602BCCACBC00FAFE2A /* ShapeBView.swift */; };
		4C018A632BCCACD200FAFE2A /* ShapeCView.swift in Sources */ = {isa = PBXBuildFile; fileRef = 4C018A622BCCACD200FAFE2A /* ShapeCView.swift */; };
		4C018A652BCCACF800FAFE2A /* ShapeDView.swift in Sources */ = {isa = PBXBuildFile; fileRef = 4C018A642BCCACF800FAFE2A /* ShapeDView.swift */; };
		4C018A672BCCAD1300FAFE2A /* PathAView.swift in Sources */ = {isa = PBXBuildFile; fileRef = 4C018A662BCCAD1300FAFE2A /* PathAView.swift */; };
		4C018A692BCCAD2400FAFE2A /* PathBView.swift in Sources */ = {isa = PBXBuildFile; fileRef = 4C018A682BCCAD2400FAFE2A /* PathBView.swift */; };
		4C018A6B2BCCAD3400FAFE2A /* PathCView.swift in Sources */ = {isa = PBXBuildFile; fileRef = 4C018A6A2BCCAD3400FAFE2A /* PathCView.swift */; };
		4C018A6D2BCCAD3D00FAFE2A /* PathDView.swift in Sources */ = {isa = PBXBuildFile; fileRef = 4C018A6C2BCCAD3D00FAFE2A /* PathDView.swift */; };
/* End PBXBuildFile section */

/* Begin PBXFileReference section */
		4C018A4B2BCCAC4300FAFE2A /* Animation_Complete.app */ = {isa = PBXFileReference; explicitFileType = wrapper.application; includeInIndex = 0; path = Animation_Complete.app; sourceTree = BUILT_PRODUCTS_DIR; };
		4C018A4E2BCCAC4300FAFE2A /* Animation_CompleteApp.swift */ = {isa = PBXFileReference; lastKnownFileType = sourcecode.swift; path = Animation_CompleteApp.swift; sourceTree = "<group>"; };
		4C018A502BCCAC4300FAFE2A /* ContentView.swift */ = {isa = PBXFileReference; lastKnownFileType = sourcecode.swift; path = ContentView.swift; sourceTree = "<group>"; };
		4C018A522BCCAC4400FAFE2A /* Assets.xcassets */ = {isa = PBXFileReference; lastKnownFileType = folder.assetcatalog; path = Assets.xcassets; sourceTree = "<group>"; };
		4C018A552BCCAC4400FAFE2A /* Preview Assets.xcassets */ = {isa = PBXFileReference; lastKnownFileType = folder.assetcatalog; path = "Preview Assets.xcassets"; sourceTree = "<group>"; };
		4C018A5C2BCCAC7500FAFE2A /* ShapeAView.swift */ = {isa = PBXFileReference; lastKnownFileType = sourcecode.swift; path = ShapeAView.swift; sourceTree = "<group>"; };
		4C018A5E2BCCAC8D00FAFE2A /* withAnimationView.swift */ = {isa = PBXFileReference; lastKnownFileType = sourcecode.swift; path = withAnimationView.swift; sourceTree = "<group>"; };
		4C018A602BCCACBC00FAFE2A /* ShapeBView.swift */ = {isa = PBXFileReference; lastKnownFileType = sourcecode.swift; path = ShapeBView.swift; sourceTree = "<group>"; };
		4C018A622BCCACD200FAFE2A /* ShapeCView.swift */ = {isa = PBXFileReference; lastKnownFileType = sourcecode.swift; path = ShapeCView.swift; sourceTree = "<group>"; };
		4C018A642BCCACF800FAFE2A /* ShapeDView.swift */ = {isa = PBXFileReference; lastKnownFileType = sourcecode.swift; path = ShapeDView.swift; sourceTree = "<group>"; };
		4C018A662BCCAD1300FAFE2A /* PathAView.swift */ = {isa = PBXFileReference; lastKnownFileType = sourcecode.swift; path = PathAView.swift; sourceTree = "<group>"; };
		4C018A682BCCAD2400FAFE2A /* PathBView.swift */ = {isa = PBXFileReference; lastKnownFileType = sourcecode.swift; path = PathBView.swift; sourceTree = "<group>"; };
		4C018A6A2BCCAD3400FAFE2A /* PathCView.swift */ = {isa = PBXFileReference; lastKnownFileType = sourcecode.swift; path = PathCView.swift; sourceTree = "<group>"; };
		4C018A6C2BCCAD3D00FAFE2A /* PathDView.swift */ = {isa = PBXFileReference; lastKnownFileType = sourcecode.swift; path = PathDView.swift; sourceTree = "<group>"; };
/* End PBXFileReference section */

/* Begin PBXFrameworksBuildPhase section */
		4C018A482BCCAC4300FAFE2A /* Frameworks */ = {
			isa = PBXFrameworksBuildPhase;
			buildActionMask = 2147483647;
			files = (
			);
			runOnlyForDeploymentPostprocessing = 0;
		};
/* End PBXFrameworksBuildPhase section */

/* Begin PBXGroup section */
		4C018A422BCCAC4300FAFE2A = {
			isa = PBXGroup;
			children = (
				4C018A4D2BCCAC4300FAFE2A /* Animation_Complete */,
				4C018A4C2BCCAC4300FAFE2A /* Products */,
			);
			sourceTree = "<group>";
		};
		4C018A4C2BCCAC4300FAFE2A /* Products */ = {
			isa = PBXGroup;
			children = (
				4C018A4B2BCCAC4300FAFE2A /* Animation_Complete.app */,
			);
			name = Products;
			sourceTree = "<group>";
		};
		4C018A4D2BCCAC4300FAFE2A /* Animation_Complete */ = {
			isa = PBXGroup;
			children = (
				4C018A4E2BCCAC4300FAFE2A /* Animation_CompleteApp.swift */,
				4C018A502BCCAC4300FAFE2A /* ContentView.swift */,
				4C018A5E2BCCAC8D00FAFE2A /* withAnimationView.swift */,
				4C018A5C2BCCAC7500FAFE2A /* ShapeAView.swift */,
				4C018A602BCCACBC00FAFE2A /* ShapeBView.swift */,
				4C018A622BCCACD200FAFE2A /* ShapeCView.swift */,
				4C018A642BCCACF800FAFE2A /* ShapeDView.swift */,
				4C018A662BCCAD1300FAFE2A /* PathAView.swift */,
				4C018A682BCCAD2400FAFE2A /* PathBView.swift */,
				4C018A6A2BCCAD3400FAFE2A /* PathCView.swift */,
				4C018A6C2BCCAD3D00FAFE2A /* PathDView.swift */,
				4C018A522BCCAC4400FAFE2A /* Assets.xcassets */,
				4C018A542BCCAC4400FAFE2A /* Preview Content */,
			);
			path = Animation_Complete;
			sourceTree = "<group>";
		};
		4C018A542BCCAC4400FAFE2A /* Preview Content */ = {
			isa = PBXGroup;
			children = (
				4C018A552BCCAC4400FAFE2A /* Preview Assets.xcassets */,
			);
			path = "Preview Content";
			sourceTree = "<group>";
		};
/* End PBXGroup section */

/* Begin PBXNativeTarget section */
		4C018A4A2BCCAC4300FAFE2A /* Animation_Complete */ = {
			isa = PBXNativeTarget;
			buildConfigurationList = 4C018A592BCCAC4400FAFE2A /* Build configuration list for PBXNativeTarget "Animation_Complete" */;
			buildPhases = (
				4C018A472BCCAC4300FAFE2A /* Sources */,
				4C018A482BCCAC4300FAFE2A /* Frameworks */,
				4C018A492BCCAC4300FAFE2A /* Resources */,
			);
			buildRules = (
			);
			dependencies = (
			);
			name = Animation_Complete;
			productName = Animation_Complete;
			productReference = 4C018A4B2BCCAC4300FAFE2A /* Animation_Complete.app */;
			productType = "com.apple.product-type.application";
		};
/* End PBXNativeTarget section */

/* Begin PBXProject section */
		4C018A432BCCAC4300FAFE2A /* Project object */ = {
			isa = PBXProject;
			attributes = {
				BuildIndependentTargetsInParallel = 1;
				LastSwiftUpdateCheck = 1530;
				LastUpgradeCheck = 1530;
				TargetAttributes = {
					4C018A4A2BCCAC4300FAFE2A = {
						CreatedOnToolsVersion = 15.3;
					};
				};
			};
			buildConfigurationList = 4C018A462BCCAC4300FAFE2A /* Build configuration list for PBXProject "Animation_Complete" */;
			compatibilityVersion = "Xcode 14.0";
			developmentRegion = en;
			hasScannedForEncodings = 0;
			knownRegions = (
				en,
				Base,
			);
			mainGroup = 4C018A422BCCAC4300FAFE2A;
			productRefGroup = 4C018A4C2BCCAC4300FAFE2A /* Products */;
			projectDirPath = "";
			projectRoot = "";
			targets = (
				4C018A4A2BCCAC4300FAFE2A /* Animation_Complete */,
			);
		};
/* End PBXProject section */

/* Begin PBXResourcesBuildPhase section */
		4C018A492BCCAC4300FAFE2A /* Resources */ = {
			isa = PBXResourcesBuildPhase;
			buildActionMask = 2147483647;
			files = (
				4C018A562BCCAC4400FAFE2A /* Preview Assets.xcassets in Resources */,
				4C018A532BCCAC4400FAFE2A /* Assets.xcassets in Resources */,
			);
			runOnlyForDeploymentPostprocessing = 0;
		};
/* End PBXResourcesBuildPhase section */

/* Begin PBXSourcesBuildPhase section */
		4C018A472BCCAC4300FAFE2A /* Sources */ = {
			isa = PBXSourcesBuildPhase;
			buildActionMask = 2147483647;
			files = (
				4C018A6D2BCCAD3D00FAFE2A /* PathDView.swift in Sources */,
				4C018A692BCCAD2400FAFE2A /* PathBView.swift in Sources */,
				4C018A512BCCAC4300FAFE2A /* ContentView.swift in Sources */,
				4C018A5F2BCCAC8D00FAFE2A /* withAnimationView.swift in Sources */,
				4C018A632BCCACD200FAFE2A /* ShapeCView.swift in Sources */,
				4C018A672BCCAD1300FAFE2A /* PathAView.swift in Sources */,
				4C018A652BCCACF800FAFE2A /* ShapeDView.swift in Sources */,
				4C018A5D2BCCAC7500FAFE2A /* ShapeAView.swift in Sources */,
				4C018A612BCCACBC00FAFE2A /* ShapeBView.swift in Sources */,
				4C018A4F2BCCAC4300FAFE2A /* Animation_CompleteApp.swift in Sources */,
				4C018A6B2BCCAD3400FAFE2A /* PathCView.swift in Sources */,
			);
			runOnlyForDeploymentPostprocessing = 0;
		};
/* End PBXSourcesBuildPhase section */

/* Begin XCBuildConfiguration section */
		4C018A572BCCAC4400FAFE2A /* Debug */ = {
			isa = XCBuildConfiguration;
			buildSettings = {
				ALWAYS_SEARCH_USER_PATHS = NO;
				ASSETCATALOG_COMPILER_GENERATE_SWIFT_ASSET_SYMBOL_EXTENSIONS = YES;
				CLANG_ANALYZER_NONNULL = YES;
				CLANG_ANALYZER_NUMBER_OBJECT_CONVERSION = YES_AGGRESSIVE;
				CLANG_CXX_LANGUAGE_STANDARD = "gnu++20";
				CLANG_ENABLE_MODULES = YES;
				CLANG_ENABLE_OBJC_ARC = YES;
				CLANG_ENABLE_OBJC_WEAK = YES;
				CLANG_WARN_BLOCK_CAPTURE_AUTORELEASING = YES;
				CLANG_WARN_BOOL_CONVERSION = YES;
				CLANG_WARN_COMMA = YES;
				CLANG_WARN_CONSTANT_CONVERSION = YES;
				CLANG_WARN_DEPRECATED_OBJC_IMPLEMENTATIONS = YES;
				CLANG_WARN_DIRECT_OBJC_ISA_USAGE = YES_ERROR;
				CLANG_WARN_DOCUMENTATION_COMMENTS = YES;
				CLANG_WARN_EMPTY_BODY = YES;
				CLANG_WARN_ENUM_CONVERSION = YES;
				CLANG_WARN_INFINITE_RECURSION = YES;
				CLANG_WARN_INT_CONVERSION = YES;
				CLANG_WARN_NON_LITERAL_NULL_CONVERSION = YES;
				CLANG_WARN_OBJC_IMPLICIT_RETAIN_SELF = YES;
				CLANG_WARN_OBJC_LITERAL_CONVERSION = YES;
				CLANG_WARN_OBJC_ROOT_CLASS = YES_ERROR;
				CLANG_WARN_QUOTED_INCLUDE_IN_FRAMEWORK_HEADER = YES;
				CLANG_WARN_RANGE_LOOP_ANALYSIS = YES;
				CLANG_WARN_STRICT_PROTOTYPES = YES;
				CLANG_WARN_SUSPICIOUS_MOVE = YES;
				CLANG_WARN_UNGUARDED_AVAILABILITY = YES_AGGRESSIVE;
				CLANG_WARN_UNREACHABLE_CODE = YES;
				CLANG_WARN__DUPLICATE_METHOD_MATCH = YES;
				COPY_PHASE_STRIP = NO;
				DEBUG_INFORMATION_FORMAT = dwarf;
				ENABLE_STRICT_OBJC_MSGSEND = YES;
				ENABLE_TESTABILITY = YES;
				ENABLE_USER_SCRIPT_SANDBOXING = YES;
				GCC_C_LANGUAGE_STANDARD = gnu17;
				GCC_DYNAMIC_NO_PIC = NO;
				GCC_NO_COMMON_BLOCKS = YES;
				GCC_OPTIMIZATION_LEVEL = 0;
				GCC_PREPROCESSOR_DEFINITIONS = (
					"DEBUG=1",
					"$(inherited)",
				);
				GCC_WARN_64_TO_32_BIT_CONVERSION = YES;
				GCC_WARN_ABOUT_RETURN_TYPE = YES_ERROR;
				GCC_WARN_UNDECLARED_SELECTOR = YES;
				GCC_WARN_UNINITIALIZED_AUTOS = YES_AGGRESSIVE;
				GCC_WARN_UNUSED_FUNCTION = YES;
				GCC_WARN_UNUSED_VARIABLE = YES;
				IPHONEOS_DEPLOYMENT_TARGET = 17.4;
				LOCALIZATION_PREFERS_STRING_CATALOGS = YES;
				MTL_ENABLE_DEBUG_INFO = INCLUDE_SOURCE;
				MTL_FAST_MATH = YES;
				ONLY_ACTIVE_ARCH = YES;
				SDKROOT = iphoneos;
				SWIFT_ACTIVE_COMPILATION_CONDITIONS = "DEBUG $(inherited)";
				SWIFT_OPTIMIZATION_LEVEL = "-Onone";
			};
			name = Debug;
		};
		4C018A582BCCAC4400FAFE2A /* Release */ = {
			isa = XCBuildConfiguration;
			buildSettings = {
				ALWAYS_SEARCH_USER_PATHS = NO;
				ASSETCATALOG_COMPILER_GENERATE_SWIFT_ASSET_SYMBOL_EXTENSIONS = YES;
				CLANG_ANALYZER_NONNULL = YES;
				CLANG_ANALYZER_NUMBER_OBJECT_CONVERSION = YES_AGGRESSIVE;
				CLANG_CXX_LANGUAGE_STANDARD = "gnu++20";
				CLANG_ENABLE_MODULES = YES;
				CLANG_ENABLE_OBJC_ARC = YES;
				CLANG_ENABLE_OBJC_WEAK = YES;
				CLANG_WARN_BLOCK_CAPTURE_AUTORELEASING = YES;
				CLANG_WARN_BOOL_CONVERSION = YES;
				CLANG_WARN_COMMA = YES;
				CLANG_WARN_CONSTANT_CONVERSION = YES;
				CLANG_WARN_DEPRECATED_OBJC_IMPLEMENTATIONS = YES;
				CLANG_WARN_DIRECT_OBJC_ISA_USAGE = YES_ERROR;
				CLANG_WARN_DOCUMENTATION_COMMENTS = YES;
				CLANG_WARN_EMPTY_BODY = YES;
				CLANG_WARN_ENUM_CONVERSION = YES;
				CLANG_WARN_INFINITE_RECURSION = YES;
				CLANG_WARN_INT_CONVERSION = YES;
				CLANG_WARN_NON_LITERAL_NULL_CONVERSION = YES;
				CLANG_WARN_OBJC_IMPLICIT_RETAIN_SELF = YES;
				CLANG_WARN_OBJC_LITERAL_CONVERSION = YES;
				CLANG_WARN_OBJC_ROOT_CLASS = YES_ERROR;
				CLANG_WARN_QUOTED_INCLUDE_IN_FRAMEWORK_HEADER = YES;
				CLANG_WARN_RANGE_LOOP_ANALYSIS = YES;
				CLANG_WARN_STRICT_PROTOTYPES = YES;
				CLANG_WARN_SUSPICIOUS_MOVE = YES;
				CLANG_WARN_UNGUARDED_AVAILABILITY = YES_AGGRESSIVE;
				CLANG_WARN_UNREACHABLE_CODE = YES;
				CLANG_WARN__DUPLICATE_METHOD_MATCH = YES;
				COPY_PHASE_STRIP = NO;
				DEBUG_INFORMATION_FORMAT = "dwarf-with-dsym";
				ENABLE_NS_ASSERTIONS = NO;
				ENABLE_STRICT_OBJC_MSGSEND = YES;
				ENABLE_USER_SCRIPT_SANDBOXING = YES;
				GCC_C_LANGUAGE_STANDARD = gnu17;
				GCC_NO_COMMON_BLOCKS = YES;
				GCC_WARN_64_TO_32_BIT_CONVERSION = YES;
				GCC_WARN_ABOUT_RETURN_TYPE = YES_ERROR;
				GCC_WARN_UNDECLARED_SELECTOR = YES;
				GCC_WARN_UNINITIALIZED_AUTOS = YES_AGGRESSIVE;
				GCC_WARN_UNUSED_FUNCTION = YES;
				GCC_WARN_UNUSED_VARIABLE = YES;
				IPHONEOS_DEPLOYMENT_TARGET = 17.4;
				LOCALIZATION_PREFERS_STRING_CATALOGS = YES;
				MTL_ENABLE_DEBUG_INFO = NO;
				MTL_FAST_MATH = YES;
				SDKROOT = iphoneos;
				SWIFT_COMPILATION_MODE = wholemodule;
				VALIDATE_PRODUCT = YES;
			};
			name = Release;
		};
		4C018A5A2BCCAC4400FAFE2A /* Debug */ = {
			isa = XCBuildConfiguration;
			buildSettings = {
				ASSETCATALOG_COMPILER_APPICON_NAME = AppIcon;
				ASSETCATALOG_COMPILER_GLOBAL_ACCENT_COLOR_NAME = AccentColor;
				CODE_SIGN_STYLE = Automatic;
				CURRENT_PROJECT_VERSION = 1;
				DEVELOPMENT_ASSET_PATHS = "\"Animation_Complete/Preview Content\"";
				ENABLE_PREVIEWS = YES;
				GENERATE_INFOPLIST_FILE = YES;
				INFOPLIST_KEY_UIApplicationSceneManifest_Generation = YES;
				INFOPLIST_KEY_UIApplicationSupportsIndirectInputEvents = YES;
				INFOPLIST_KEY_UILaunchScreen_Generation = YES;
				INFOPLIST_KEY_UISupportedInterfaceOrientations_iPad = "UIInterfaceOrientationPortrait UIInterfaceOrientationPortraitUpsideDown UIInterfaceOrientationLandscapeLeft UIInterfaceOrientationLandscapeRight";
				INFOPLIST_KEY_UISupportedInterfaceOrientations_iPhone = "UIInterfaceOrientationPortrait UIInterfaceOrientationLandscapeLeft UIInterfaceOrientationLandscapeRight";
				IPHONEOS_DEPLOYMENT_TARGET = 16.0;
				LD_RUNPATH_SEARCH_PATHS = (
					"$(inherited)",
					"@executable_path/Frameworks",
				);
				MARKETING_VERSION = 1.0;
				PRODUCT_BUNDLE_IDENTIFIER = "com.Animation-Complete";
				PRODUCT_NAME = "$(TARGET_NAME)";
				SWIFT_EMIT_LOC_STRINGS = YES;
				SWIFT_VERSION = 5.0;
				TARGETED_DEVICE_FAMILY = "1,2";
			};
			name = Debug;
		};
		4C018A5B2BCCAC4400FAFE2A /* Release */ = {
			isa = XCBuildConfiguration;
			buildSettings = {
				ASSETCATALOG_COMPILER_APPICON_NAME = AppIcon;
				ASSETCATALOG_COMPILER_GLOBAL_ACCENT_COLOR_NAME = AccentColor;
				CODE_SIGN_STYLE = Automatic;
				CURRENT_PROJECT_VERSION = 1;
				DEVELOPMENT_ASSET_PATHS = "\"Animation_Complete/Preview Content\"";
				ENABLE_PREVIEWS = YES;
				GENERATE_INFOPLIST_FILE = YES;
				INFOPLIST_KEY_UIApplicationSceneManifest_Generation = YES;
				INFOPLIST_KEY_UIApplicationSupportsIndirectInputEvents = YES;
				INFOPLIST_KEY_UILaunchScreen_Generation = YES;
				INFOPLIST_KEY_UISupportedInterfaceOrientations_iPad = "UIInterfaceOrientationPortrait UIInterfaceOrientationPortraitUpsideDown UIInterfaceOrientationLandscapeLeft UIInterfaceOrientationLandscapeRight";
				INFOPLIST_KEY_UISupportedInterfaceOrientations_iPhone = "UIInterfaceOrientationPortrait UIInterfaceOrientationLandscapeLeft UIInterfaceOrientationLandscapeRight";
				IPHONEOS_DEPLOYMENT_TARGET = 16.0;
				LD_RUNPATH_SEARCH_PATHS = (
					"$(inherited)",
					"@executable_path/Frameworks",
				);
				MARKETING_VERSION = 1.0;
				PRODUCT_BUNDLE_IDENTIFIER = "com.Animation-Complete";
				PRODUCT_NAME = "$(TARGET_NAME)";
				SWIFT_EMIT_LOC_STRINGS = YES;
				SWIFT_VERSION = 5.0;
				TARGETED_DEVICE_FAMILY = "1,2";
			};
			name = Release;
		};
/* End XCBuildConfiguration section */

/* Begin XCConfigurationList section */
		4C018A462BCCAC4300FAFE2A /* Build configuration list for PBXProject "Animation_Complete" */ = {
			isa = XCConfigurationList;
			buildConfigurations = (
				4C018A572BCCAC4400FAFE2A /* Debug */,
				4C018A582BCCAC4400FAFE2A /* Release */,
			);
			defaultConfigurationIsVisible = 0;
			defaultConfigurationName = Release;
		};
		4C018A592BCCAC4400FAFE2A /* Build configuration list for PBXNativeTarget "Animation_Complete" */ = {
			isa = XCConfigurationList;
			buildConfigurations = (
				4C018A5A2BCCAC4400FAFE2A /* Debug */,
				4C018A5B2BCCAC4400FAFE2A /* Release */,
			);
			defaultConfigurationIsVisible = 0;
			defaultConfigurationName = Release;
		};
/* End XCConfigurationList section */
	};
	rootObject = 4C018A432BCCAC4300FAFE2A /* Project object */;
}
